
Microsoft Visual Studio Solution File, Format Version 12.00
# Visual Studio Version 17
VisualStudioVersion = 17.4.33122.133
MinimumVisualStudioVersion = 10.0.40219.1
Project("{8BC9CEB8-8B4A-11D0-8D11-00A0C91BC942}") = "autonomiaCoches", "autonomiaCoches\autonomiaCoches.vcxproj", "{23727C24-7F01-477E-918A-C021A7D0B5CA}"
EndProject
Global
	GlobalSection(SolutionConfigurationPlatforms) = preSolution
		Debug|x64 = Debug|x64
		Debug|x86 = Debug|x86
		Release|x64 = Release|x64
		Release|x86 = Release|x86
	EndGlobalSection
	GlobalSection(ProjectConfigurationPlatforms) = postSolution
		{23727C24-7F01-477E-918A-C021A7D0B5CA}.Debug|x64.ActiveCfg = Debug|x64
		{23727C24-7F01-477E-918A-C021A7D0B5CA}.Debug|x64.Build.0 = Debug|x64
		{23727C24-7F01-477E-918A-C021A7D0B5CA}.Debug|x86.ActiveCfg = Debug|Win32
		{23727C24-7F01-477E-918A-C021A7D0B5CA}.Debug|x86.Build.0 = Debug|Win32
		{23727C24-7F01-477E-918A-C021A7D0B5CA}.Release|x64.ActiveCfg = Release|x64
		{23727C24-7F01-477E-918A-C021A7D0B5CA}.Release|x64.Build.0 = Release|x64
		{23727C24-7F01-477E-918A-C021A7D0B5CA}.Release|x86.ActiveCfg = Release|Win32
		{23727C24-7F01-477E-918A-C021A7D0B5CA}.Release|x86.Build.0 = Release|Win32
	EndGlobalSection
	GlobalSection(SolutionProperties) = preSolution
		HideSolutionNode = FALSE
	EndGlobalSection
	GlobalSection(ExtensibilityGlobals) = postSolution
		SolutionGuid = {7BB47F62-8D39-40AA-A572-C97437F7F09E}
	EndGlobalSection
EndGlobal
