
Microsoft Visual Studio Solution File, Format Version 12.00
# Visual Studio Version 17
VisualStudioVersion = 17.4.33122.133
MinimumVisualStudioVersion = 10.0.40219.1
Project("{8BC9CEB8-8B4A-11D0-8D11-00A0C91BC942}") = "paintball", "paintball\paintball.vcxproj", "{AE2C3B1F-46F8-44E5-AA7C-2992371F4345}"
EndProject
Global
	GlobalSection(SolutionConfigurationPlatforms) = preSolution
		Debug|x64 = Debug|x64
		Debug|x86 = Debug|x86
		Release|x64 = Release|x64
		Release|x86 = Release|x86
	EndGlobalSection
	GlobalSection(ProjectConfigurationPlatforms) = postSolution
		{AE2C3B1F-46F8-44E5-AA7C-2992371F4345}.Debug|x64.ActiveCfg = Debug|x64
		{AE2C3B1F-46F8-44E5-AA7C-2992371F4345}.Debug|x64.Build.0 = Debug|x64
		{AE2C3B1F-46F8-44E5-AA7C-2992371F4345}.Debug|x86.ActiveCfg = Debug|Win32
		{AE2C3B1F-46F8-44E5-AA7C-2992371F4345}.Debug|x86.Build.0 = Debug|Win32
		{AE2C3B1F-46F8-44E5-AA7C-2992371F4345}.Release|x64.ActiveCfg = Release|x64
		{AE2C3B1F-46F8-44E5-AA7C-2992371F4345}.Release|x64.Build.0 = Release|x64
		{AE2C3B1F-46F8-44E5-AA7C-2992371F4345}.Release|x86.ActiveCfg = Release|Win32
		{AE2C3B1F-46F8-44E5-AA7C-2992371F4345}.Release|x86.Build.0 = Release|Win32
	EndGlobalSection
	GlobalSection(SolutionProperties) = preSolution
		HideSolutionNode = FALSE
	EndGlobalSection
	GlobalSection(ExtensibilityGlobals) = postSolution
		SolutionGuid = {5DD527F2-FC18-441C-A4E6-E1E77419C191}
	EndGlobalSection
EndGlobal
