
Microsoft Visual Studio Solution File, Format Version 12.00
# Visual Studio Version 17
VisualStudioVersion = 17.4.33122.133
MinimumVisualStudioVersion = 10.0.40219.1
Project("{8BC9CEB8-8B4A-11D0-8D11-00A0C91BC942}") = "ManchasNegras", "ManchasNegras\ManchasNegras.vcxproj", "{DB8FB3A6-8E37-42D0-96BF-983C8CE4304C}"
EndProject
Global
	GlobalSection(SolutionConfigurationPlatforms) = preSolution
		Debug|x64 = Debug|x64
		Debug|x86 = Debug|x86
		Release|x64 = Release|x64
		Release|x86 = Release|x86
	EndGlobalSection
	GlobalSection(ProjectConfigurationPlatforms) = postSolution
		{DB8FB3A6-8E37-42D0-96BF-983C8CE4304C}.Debug|x64.ActiveCfg = Debug|x64
		{DB8FB3A6-8E37-42D0-96BF-983C8CE4304C}.Debug|x64.Build.0 = Debug|x64
		{DB8FB3A6-8E37-42D0-96BF-983C8CE4304C}.Debug|x86.ActiveCfg = Debug|Win32
		{DB8FB3A6-8E37-42D0-96BF-983C8CE4304C}.Debug|x86.Build.0 = Debug|Win32
		{DB8FB3A6-8E37-42D0-96BF-983C8CE4304C}.Release|x64.ActiveCfg = Release|x64
		{DB8FB3A6-8E37-42D0-96BF-983C8CE4304C}.Release|x64.Build.0 = Release|x64
		{DB8FB3A6-8E37-42D0-96BF-983C8CE4304C}.Release|x86.ActiveCfg = Release|Win32
		{DB8FB3A6-8E37-42D0-96BF-983C8CE4304C}.Release|x86.Build.0 = Release|Win32
	EndGlobalSection
	GlobalSection(SolutionProperties) = preSolution
		HideSolutionNode = FALSE
	EndGlobalSection
	GlobalSection(ExtensibilityGlobals) = postSolution
		SolutionGuid = {A602B6E9-AECE-4EC4-8757-7E19C1CD09F9}
	EndGlobalSection
EndGlobal
